// !$*UTF8*$!
{
	archiveVersion = 1;
	classes = {
	};
	objectVersion = 56;
	objects = {

/* Begin PBXBuildFile section */
		BD208F342B721AB40090DED0 /* TestClass.m in Sources */ = {isa = PBXBuildFile; fileRef = BD208F332B721AB40090DED0 /* TestClass.m */; };
		BD2C23012B6E8C9F00630FBE /* main.m in Sources */ = {isa = PBXBuildFile; fileRef = BD2C23002B6E8C9F00630FBE /* main.m */; };
		BDC26F942B720A4400FD6F90 /* Plugin.m in Sources */ = {isa = PBXBuildFile; fileRef = BDC26F932B720A4400FD6F90 /* Plugin.m */; };
		BDC26F9A2B721BBE00FD6F90 /* UnityBridge.m in Sources */ = {isa = PBXBuildFile; fileRef = BDC26F992B721BBE00FD6F90 /* UnityBridge.m */; };
/* End PBXBuildFile section */

/* Begin PBXCopyFilesBuildPhase section */
		BD2C22FB2B6E8C9E00630FBE /* CopyFiles */ = {
			isa = PBXCopyFilesBuildPhase;
			buildActionMask = 2147483647;
			dstPath = /usr/share/man/man1/;
			dstSubfolderSpec = 0;
			files = (
			);
			runOnlyForDeploymentPostprocessing = 1;
		};
/* End PBXCopyFilesBuildPhase section */

/* Begin PBXFileReference section */
		BD208F322B721AB40090DED0 /* TestClass.h */ = {isa = PBXFileReference; lastKnownFileType = sourcecode.c.h; path = TestClass.h; sourceTree = "<group>"; };
		BD208F332B721AB40090DED0 /* TestClass.m */ = {isa = PBXFileReference; lastKnownFileType = sourcecode.c.objc; path = TestClass.m; sourceTree = "<group>"; };
		BD2C22FD2B6E8C9F00630FBE /* ios */ = {isa = PBXFileReference; explicitFileType = "compiled.mach-o.executable"; includeInIndex = 0; path = ios; sourceTree = BUILT_PRODUCTS_DIR; };
		BD2C23002B6E8C9F00630FBE /* main.m */ = {isa = PBXFileReference; lastKnownFileType = sourcecode.c.objc; path = main.m; sourceTree = "<group>"; };
		BDC26F922B720A4400FD6F90 /* Plugin.h */ = {isa = PBXFileReference; lastKnownFileType = sourcecode.c.h; path = Plugin.h; sourceTree = "<group>"; };
		BDC26F932B720A4400FD6F90 /* Plugin.m */ = {isa = PBXFileReference; lastKnownFileType = sourcecode.c.objc; path = Plugin.m; sourceTree = "<group>"; };
		BDC26F982B721BBE00FD6F90 /* UnityBridge.h */ = {isa = PBXFileReference; lastKnownFileType = sourcecode.c.h; path = UnityBridge.h; sourceTree = "<group>"; };
		BDC26F992B721BBE00FD6F90 /* UnityBridge.m */ = {isa = PBXFileReference; lastKnownFileType = sourcecode.c.objc; path = UnityBridge.m; sourceTree = "<group>"; };
/* End PBXFileReference section */

/* Begin PBXFrameworksBuildPhase section */
		BD2C22FA2B6E8C9E00630FBE /* Frameworks */ = {
			isa = PBXFrameworksBuildPhase;
			buildActionMask = 2147483647;
			files = (
			);
			runOnlyForDeploymentPostprocessing = 0;
		};
/* End PBXFrameworksBuildPhase section */

/* Begin PBXGroup section */
		BD208F312B721A9A0090DED0 /* test */ = {
			isa = PBXGroup;
			children = (
				BD208F322B721AB40090DED0 /* TestClass.h */,
				BD208F332B721AB40090DED0 /* TestClass.m */,
				BDC26F982B721BBE00FD6F90 /* UnityBridge.h */,
				BDC26F992B721BBE00FD6F90 /* UnityBridge.m */,
			);
			path = test;
			sourceTree = "<group>";
		};
		BD2C22F42B6E8C9E00630FBE = {
			isa = PBXGroup;
			children = (
				BD2C22FF2B6E8C9F00630FBE /* ios */,
				BD2C22FE2B6E8C9F00630FBE /* Products */,
			);
			sourceTree = "<group>";
		};
		BD2C22FE2B6E8C9F00630FBE /* Products */ = {
			isa = PBXGroup;
			children = (
				BD2C22FD2B6E8C9F00630FBE /* ios */,
			);
			name = Products;
			sourceTree = "<group>";
		};
		BD2C22FF2B6E8C9F00630FBE /* ios */ = {
			isa = PBXGroup;
			children = (
				BD208F312B721A9A0090DED0 /* test */,
				BDC26F8F2B7209DC00FD6F90 /* callbackfunction */,
				BD2C23002B6E8C9F00630FBE /* main.m */,
			);
			path = ios;
			sourceTree = "<group>";
		};
		BDC26F8F2B7209DC00FD6F90 /* callbackfunction */ = {
			isa = PBXGroup;
			children = (
				BDC26F912B720A0D00FD6F90 /* wrapper */,
				BDC26F902B7209FE00FD6F90 /* sdk */,
			);
			path = callbackfunction;
			sourceTree = "<group>";
		};
		BDC26F902B7209FE00FD6F90 /* sdk */ = {
			isa = PBXGroup;
			children = (
				BDC26F922B720A4400FD6F90 /* Plugin.h */,
				BDC26F932B720A4400FD6F90 /* Plugin.m */,
			);
			path = sdk;
			sourceTree = "<group>";
		};
		BDC26F912B720A0D00FD6F90 /* wrapper */ = {
			isa = PBXGroup;
			children = (
			);
			path = wrapper;
			sourceTree = "<group>";
		};
/* End PBXGroup section */

/* Begin PBXNativeTarget section */
		BD2C22FC2B6E8C9E00630FBE /* ios */ = {
			isa = PBXNativeTarget;
			buildConfigurationList = BD2C23042B6E8C9F00630FBE /* Build configuration list for PBXNativeTarget "ios" */;
			buildPhases = (
				BD2C22F92B6E8C9E00630FBE /* Sources */,
				BD2C22FA2B6E8C9E00630FBE /* Frameworks */,
				BD2C22FB2B6E8C9E00630FBE /* CopyFiles */,
			);
			buildRules = (
			);
			dependencies = (
			);
			name = ios;
			productName = ios;
			productReference = BD2C22FD2B6E8C9F00630FBE /* ios */;
			productType = "com.apple.product-type.tool";
		};
/* End PBXNativeTarget section */

/* Begin PBXProject section */
		BD2C22F52B6E8C9E00630FBE /* Project object */ = {
			isa = PBXProject;
			attributes = {
				BuildIndependentTargetsInParallel = 1;
				LastUpgradeCheck = 1520;
				TargetAttributes = {
					BD2C22FC2B6E8C9E00630FBE = {
						CreatedOnToolsVersion = 15.2;
					};
				};
			};
			buildConfigurationList = BD2C22F82B6E8C9E00630FBE /* Build configuration list for PBXProject "ios" */;
			compatibilityVersion = "Xcode 14.0";
			developmentRegion = en;
			hasScannedForEncodings = 0;
			knownRegions = (
				en,
				Base,
			);
			mainGroup = BD2C22F42B6E8C9E00630FBE;
			productRefGroup = BD2C22FE2B6E8C9F00630FBE /* Products */;
			projectDirPath = "";
			projectRoot = "";
			targets = (
				BD2C22FC2B6E8C9E00630FBE /* ios */,
			);
		};
/* End PBXProject section */

/* Begin PBXSourcesBuildPhase section */
		BD2C22F92B6E8C9E00630FBE /* Sources */ = {
			isa = PBXSourcesBuildPhase;
			buildActionMask = 2147483647;
			files = (
				BD208F342B721AB40090DED0 /* TestClass.m in Sources */,
				BDC26F942B720A4400FD6F90 /* Plugin.m in Sources */,
				BDC26F9A2B721BBE00FD6F90 /* UnityBridge.m in Sources */,
				BD2C23012B6E8C9F00630FBE /* main.m in Sources */,
			);
			runOnlyForDeploymentPostprocessing = 0;
		};
/* End PBXSourcesBuildPhase section */

/* Begin XCBuildConfiguration section */
		BD2C23022B6E8C9F00630FBE /* Debug */ = {
			isa = XCBuildConfiguration;
			buildSettings = {
				ALWAYS_SEARCH_USER_PATHS = NO;
				ASSETCATALOG_COMPILER_GENERATE_SWIFT_ASSET_SYMBOL_EXTENSIONS = YES;
				CLANG_ANALYZER_NONNULL = YES;
				CLANG_ANALYZER_NUMBER_OBJECT_CONVERSION = YES_AGGRESSIVE;
				CLANG_CXX_LANGUAGE_STANDARD = "gnu++20";
				CLANG_ENABLE_MODULES = YES;
				CLANG_ENABLE_OBJC_ARC = YES;
				CLANG_ENABLE_OBJC_WEAK = YES;
				CLANG_WARN_BLOCK_CAPTURE_AUTORELEASING = YES;
				CLANG_WARN_BOOL_CONVERSION = YES;
				CLANG_WARN_COMMA = YES;
				CLANG_WARN_CONSTANT_CONVERSION = YES;
				CLANG_WARN_DEPRECATED_OBJC_IMPLEMENTATIONS = YES;
				CLANG_WARN_DIRECT_OBJC_ISA_USAGE = YES_ERROR;
				CLANG_WARN_DOCUMENTATION_COMMENTS = YES;
				CLANG_WARN_EMPTY_BODY = YES;
				CLANG_WARN_ENUM_CONVERSION = YES;
				CLANG_WARN_INFINITE_RECURSION = YES;
				CLANG_WARN_INT_CONVERSION = YES;
				CLANG_WARN_NON_LITERAL_NULL_CONVERSION = YES;
				CLANG_WARN_OBJC_IMPLICIT_RETAIN_SELF = YES;
				CLANG_WARN_OBJC_LITERAL_CONVERSION = YES;
				CLANG_WARN_OBJC_ROOT_CLASS = YES_ERROR;
				CLANG_WARN_QUOTED_INCLUDE_IN_FRAMEWORK_HEADER = YES;
				CLANG_WARN_RANGE_LOOP_ANALYSIS = YES;
				CLANG_WARN_STRICT_PROTOTYPES = YES;
				CLANG_WARN_SUSPICIOUS_MOVE = YES;
				CLANG_WARN_UNGUARDED_AVAILABILITY = YES_AGGRESSIVE;
				CLANG_WARN_UNREACHABLE_CODE = YES;
				CLANG_WARN__DUPLICATE_METHOD_MATCH = YES;
				COPY_PHASE_STRIP = NO;
				DEBUG_INFORMATION_FORMAT = dwarf;
				ENABLE_STRICT_OBJC_MSGSEND = YES;
				ENABLE_TESTABILITY = YES;
				ENABLE_USER_SCRIPT_SANDBOXING = YES;
				GCC_C_LANGUAGE_STANDARD = gnu17;
				GCC_DYNAMIC_NO_PIC = NO;
				GCC_NO_COMMON_BLOCKS = YES;
				GCC_OPTIMIZATION_LEVEL = 0;
				GCC_PREPROCESSOR_DEFINITIONS = (
					"DEBUG=1",
					"$(inherited)",
				);
				GCC_WARN_64_TO_32_BIT_CONVERSION = YES;
				GCC_WARN_ABOUT_RETURN_TYPE = YES_ERROR;
				GCC_WARN_UNDECLARED_SELECTOR = YES;
				GCC_WARN_UNINITIALIZED_AUTOS = YES_AGGRESSIVE;
				GCC_WARN_UNUSED_FUNCTION = YES;
				GCC_WARN_UNUSED_VARIABLE = YES;
				LOCALIZATION_PREFERS_STRING_CATALOGS = YES;
				MACOSX_DEPLOYMENT_TARGET = 14.2;
				MTL_ENABLE_DEBUG_INFO = INCLUDE_SOURCE;
				MTL_FAST_MATH = YES;
				ONLY_ACTIVE_ARCH = YES;
				SDKROOT = macosx;
			};
			name = Debug;
		};
		BD2C23032B6E8C9F00630FBE /* Release */ = {
			isa = XCBuildConfiguration;
			buildSettings = {
				ALWAYS_SEARCH_USER_PATHS = NO;
				ASSETCATALOG_COMPILER_GENERATE_SWIFT_ASSET_SYMBOL_EXTENSIONS = YES;
				CLANG_ANALYZER_NONNULL = YES;
				CLANG_ANALYZER_NUMBER_OBJECT_CONVERSION = YES_AGGRESSIVE;
				CLANG_CXX_LANGUAGE_STANDARD = "gnu++20";
				CLANG_ENABLE_MODULES = YES;
				CLANG_ENABLE_OBJC_ARC = YES;
				CLANG_ENABLE_OBJC_WEAK = YES;
				CLANG_WARN_BLOCK_CAPTURE_AUTORELEASING = YES;
				CLANG_WARN_BOOL_CONVERSION = YES;
				CLANG_WARN_COMMA = YES;
				CLANG_WARN_CONSTANT_CONVERSION = YES;
				CLANG_WARN_DEPRECATED_OBJC_IMPLEMENTATIONS = YES;
				CLANG_WARN_DIRECT_OBJC_ISA_USAGE = YES_ERROR;
				CLANG_WARN_DOCUMENTATION_COMMENTS = YES;
				CLANG_WARN_EMPTY_BODY = YES;
				CLANG_WARN_ENUM_CONVERSION = YES;
				CLANG_WARN_INFINITE_RECURSION = YES;
				CLANG_WARN_INT_CONVERSION = YES;
				CLANG_WARN_NON_LITERAL_NULL_CONVERSION = YES;
				CLANG_WARN_OBJC_IMPLICIT_RETAIN_SELF = YES;
				CLANG_WARN_OBJC_LITERAL_CONVERSION = YES;
				CLANG_WARN_OBJC_ROOT_CLASS = YES_ERROR;
				CLANG_WARN_QUOTED_INCLUDE_IN_FRAMEWORK_HEADER = YES;
				CLANG_WARN_RANGE_LOOP_ANALYSIS = YES;
				CLANG_WARN_STRICT_PROTOTYPES = YES;
				CLANG_WARN_SUSPICIOUS_MOVE = YES;
				CLANG_WARN_UNGUARDED_AVAILABILITY = YES_AGGRESSIVE;
				CLANG_WARN_UNREACHABLE_CODE = YES;
				CLANG_WARN__DUPLICATE_METHOD_MATCH = YES;
				COPY_PHASE_STRIP = NO;
				DEBUG_INFORMATION_FORMAT = "dwarf-with-dsym";
				ENABLE_NS_ASSERTIONS = NO;
				ENABLE_STRICT_OBJC_MSGSEND = YES;
				ENABLE_USER_SCRIPT_SANDBOXING = YES;
				GCC_C_LANGUAGE_STANDARD = gnu17;
				GCC_NO_COMMON_BLOCKS = YES;
				GCC_WARN_64_TO_32_BIT_CONVERSION = YES;
				GCC_WARN_ABOUT_RETURN_TYPE = YES_ERROR;
				GCC_WARN_UNDECLARED_SELECTOR = YES;
				GCC_WARN_UNINITIALIZED_AUTOS = YES_AGGRESSIVE;
				GCC_WARN_UNUSED_FUNCTION = YES;
				GCC_WARN_UNUSED_VARIABLE = YES;
				LOCALIZATION_PREFERS_STRING_CATALOGS = YES;
				MACOSX_DEPLOYMENT_TARGET = 14.2;
				MTL_ENABLE_DEBUG_INFO = NO;
				MTL_FAST_MATH = YES;
				SDKROOT = macosx;
			};
			name = Release;
		};
		BD2C23052B6E8C9F00630FBE /* Debug */ = {
			isa = XCBuildConfiguration;
			buildSettings = {
				CODE_SIGN_STYLE = Automatic;
				DEVELOPMENT_TEAM = G4JUP5485T;
				ENABLE_HARDENED_RUNTIME = YES;
				PRODUCT_NAME = "$(TARGET_NAME)";
			};
			name = Debug;
		};
		BD2C23062B6E8C9F00630FBE /* Release */ = {
			isa = XCBuildConfiguration;
			buildSettings = {
				CODE_SIGN_STYLE = Automatic;
				DEVELOPMENT_TEAM = G4JUP5485T;
				ENABLE_HARDENED_RUNTIME = YES;
				PRODUCT_NAME = "$(TARGET_NAME)";
			};
			name = Release;
		};
/* End XCBuildConfiguration section */

/* Begin XCConfigurationList section */
		BD2C22F82B6E8C9E00630FBE /* Build configuration list for PBXProject "ios" */ = {
			isa = XCConfigurationList;
			buildConfigurations = (
				BD2C23022B6E8C9F00630FBE /* Debug */,
				BD2C23032B6E8C9F00630FBE /* Release */,
			);
			defaultConfigurationIsVisible = 0;
			defaultConfigurationName = Release;
		};
		BD2C23042B6E8C9F00630FBE /* Build configuration list for PBXNativeTarget "ios" */ = {
			isa = XCConfigurationList;
			buildConfigurations = (
				BD2C23052B6E8C9F00630FBE /* Debug */,
				BD2C23062B6E8C9F00630FBE /* Release */,
			);
			defaultConfigurationIsVisible = 0;
			defaultConfigurationName = Release;
		};
/* End XCConfigurationList section */
	};
	rootObject = BD2C22F52B6E8C9E00630FBE /* Project object */;
}
